// !$*UTF8*$!
{
	archiveVersion = 1;
	classes = {
	};
	objectVersion = 56;
	objects = {

/* Begin PBXBuildFile section */
		186C25CB29CB79B400BEA395 /* Kingfisher in Frameworks */ = {isa = PBXBuildFile; productRef = 186C25CA29CB79B400BEA395 /* Kingfisher */; };
		186C25CD29D2293A00BEA395 /* BlurHash.swift in Sources */ = {isa = PBXBuildFile; fileRef = 186C25CC29D2293A00BEA395 /* BlurHash.swift */; };
		186C25D029D2377400BEA395 /* Collections.swift in Sources */ = {isa = PBXBuildFile; fileRef = 186C25CF29D2377400BEA395 /* Collections.swift */; };
		18A791DF298A7758007AD71E /* SearchVC.swift in Sources */ = {isa = PBXBuildFile; fileRef = 18A791DE298A7758007AD71E /* SearchVC.swift */; };
		18A791E1298A7E2A007AD71E /* Photo.swift in Sources */ = {isa = PBXBuildFile; fileRef = 18A791E0298A7E2A007AD71E /* Photo.swift */; };
		18A791E3298A92AA007AD71E /* NetworkController.swift in Sources */ = {isa = PBXBuildFile; fileRef = 18A791E2298A92AA007AD71E /* NetworkController.swift */; };
		18A791E5298A9965007AD71E /* SearchResults.swift in Sources */ = {isa = PBXBuildFile; fileRef = 18A791E4298A9965007AD71E /* SearchResults.swift */; };
		18C50650299D0E2800D28B1A /* ImageInfoCell.swift in Sources */ = {isa = PBXBuildFile; fileRef = 18C5064F299D0E2800D28B1A /* ImageInfoCell.swift */; };
		18C81CE02989BAA6009707AB /* AppDelegate.swift in Sources */ = {isa = PBXBuildFile; fileRef = 18C81CDF2989BAA6009707AB /* AppDelegate.swift */; };
		18C81CE22989BAA6009707AB /* SceneDelegate.swift in Sources */ = {isa = PBXBuildFile; fileRef = 18C81CE12989BAA6009707AB /* SceneDelegate.swift */; };
		18C81CE92989BAA8009707AB /* Assets.xcassets in Resources */ = {isa = PBXBuildFile; fileRef = 18C81CE82989BAA8009707AB /* Assets.xcassets */; };
		18C81CEC2989BAA8009707AB /* LaunchScreen.storyboard in Resources */ = {isa = PBXBuildFile; fileRef = 18C81CEA2989BAA8009707AB /* LaunchScreen.storyboard */; };
		18E865ED29D5C21500F496CB /* User.swift in Sources */ = {isa = PBXBuildFile; fileRef = 18E865EC29D5C21500F496CB /* User.swift */; };
		18E865F129D5C78900F496CB /* UserInfoCell.swift in Sources */ = {isa = PBXBuildFile; fileRef = 18E865F029D5C78900F496CB /* UserInfoCell.swift */; };
		18E865F529D76E7300F496CB /* PhotoVC.swift in Sources */ = {isa = PBXBuildFile; fileRef = 18E865F429D76E7300F496CB /* PhotoVC.swift */; };
		18F3DBFE29DAEE2800F0F93B /* PreviewPhoto.swift in Sources */ = {isa = PBXBuildFile; fileRef = 18F3DBFD29DAEE2800F0F93B /* PreviewPhoto.swift */; };
		18F3DC0029DAF21500F0F93B /* CollectionVC.swift in Sources */ = {isa = PBXBuildFile; fileRef = 18F3DBFF29DAF21500F0F93B /* CollectionVC.swift */; };
		18F3DC0329DB38BF00F0F93B /* DataRequestController.swift in Sources */ = {isa = PBXBuildFile; fileRef = 18F3DC0229DB38BF00F0F93B /* DataRequestController.swift */; };
		18F3DC0929DDE47900F0F93B /* PhotoView.swift in Sources */ = {isa = PBXBuildFile; fileRef = 18F3DC0829DDE47900F0F93B /* PhotoView.swift */; };
		18F3DC0B29DDF0F700F0F93B /* LikesView.swift in Sources */ = {isa = PBXBuildFile; fileRef = 18F3DC0A29DDF0F700F0F93B /* LikesView.swift */; };
		18F3DC0F29E16D4100F0F93B /* UserMediaSegmentControll.swift in Sources */ = {isa = PBXBuildFile; fileRef = 18F3DC0E29E16D4100F0F93B /* UserMediaSegmentControll.swift */; };
		7C28EE1529E8A38E00E7DD8C /* CollectionsSearchVC.swift in Sources */ = {isa = PBXBuildFile; fileRef = 7C28EE1429E8A38E00E7DD8C /* CollectionsSearchVC.swift */; };
		7C28EE1729E8A51B00E7DD8C /* UsersSeachVC.swift in Sources */ = {isa = PBXBuildFile; fileRef = 7C28EE1629E8A51B00E7DD8C /* UsersSeachVC.swift */; };
		7C4C5D032A212D3E00A5D996 /* UIColor+Extensions.swift in Sources */ = {isa = PBXBuildFile; fileRef = 7C4C5D022A212D3E00A5D996 /* UIColor+Extensions.swift */; };
		7C501AAF2A160BC400C65AE2 /* TabBarController.swift in Sources */ = {isa = PBXBuildFile; fileRef = 7C501AAE2A160BC400C65AE2 /* TabBarController.swift */; };
		7C501AB12A160F9700C65AE2 /* AuthorizationController.swift in Sources */ = {isa = PBXBuildFile; fileRef = 7C501AB02A160F9700C65AE2 /* AuthorizationController.swift */; };
		7C501AB52A166B3D00C65AE2 /* UnsplashAPI.swift in Sources */ = {isa = PBXBuildFile; fileRef = 7C501AB42A166B3D00C65AE2 /* UnsplashAPI.swift */; };
		7C501AB72A167DC200C65AE2 /* ProfileTab.swift in Sources */ = {isa = PBXBuildFile; fileRef = 7C501AB62A167DC200C65AE2 /* ProfileTab.swift */; };
		7C957A9329EAEE2800ACBDC0 /* BaseSearchVC.swift in Sources */ = {isa = PBXBuildFile; fileRef = 7C957A9229EAEE2800ACBDC0 /* BaseSearchVC.swift */; };
		7C957A9529EC073700ACBDC0 /* UnsplashURLRequests.swift in Sources */ = {isa = PBXBuildFile; fileRef = 7C957A9429EC073700ACBDC0 /* UnsplashURLRequests.swift */; };
		7C957A9D29EF37C400ACBDC0 /* UserMediaVC.swift in Sources */ = {isa = PBXBuildFile; fileRef = 7C957A9C29EF37C400ACBDC0 /* UserMediaVC.swift */; };
		7C957A9F29EF39FA00ACBDC0 /* UserPhotosVC.swift in Sources */ = {isa = PBXBuildFile; fileRef = 7C957A9E29EF39FA00ACBDC0 /* UserPhotosVC.swift */; };
		7CAB612E29E7E470001891D3 /* PhotosSearchVC.swift in Sources */ = {isa = PBXBuildFile; fileRef = 7CAB612D29E7E470001891D3 /* PhotosSearchVC.swift */; };
		7CACEB7329F1397000CB08A3 /* SnapKit in Frameworks */ = {isa = PBXBuildFile; productRef = 7CACEB7229F1397000CB08A3 /* SnapKit */; };
		7CADB6182A191E87006EBF72 /* Token.swift in Sources */ = {isa = PBXBuildFile; fileRef = 7CADB6172A191E87006EBF72 /* Token.swift */; };
		7CBC825C2A21EAEB00EECF7E /* EditableUserData.swift in Sources */ = {isa = PBXBuildFile; fileRef = 7CBC825B2A21EAEB00EECF7E /* EditableUserData.swift */; };
		7CBC825E2A226DE500EECF7E /* ViewController+Extension.swift in Sources */ = {isa = PBXBuildFile; fileRef = 7CBC825D2A226DE500EECF7E /* ViewController+Extension.swift */; };
		7CC06E5029EFE13900E39F69 /* UserLikesVC.swift in Sources */ = {isa = PBXBuildFile; fileRef = 7CC06E4F29EFE13900E39F69 /* UserLikesVC.swift */; };
		7CC06E5229EFE1A500E39F69 /* UserCollecitonsVC.swift in Sources */ = {isa = PBXBuildFile; fileRef = 7CC06E5129EFE1A500E39F69 /* UserCollecitonsVC.swift */; };
		7CC79E3C29DC8C550083F013 /* UserVC.swift in Sources */ = {isa = PBXBuildFile; fileRef = 7CC79E3B29DC8C550083F013 /* UserVC.swift */; };
		7CC79E3E29DC8D500083F013 /* PhotoDetailVC.swift in Sources */ = {isa = PBXBuildFile; fileRef = 7CC79E3D29DC8D500083F013 /* PhotoDetailVC.swift */; };
		7CC79E4129DD6A060083F013 /* UICollectionView+Extensions.swift in Sources */ = {isa = PBXBuildFile; fileRef = 7CC79E4029DD6A060083F013 /* UICollectionView+Extensions.swift */; };
		7CC79E4729E07B360083F013 /* PhotoDetailView.swift in Sources */ = {isa = PBXBuildFile; fileRef = 7CC79E4629E07B360083F013 /* PhotoDetailView.swift */; };
		7CC79E4929E08DB60083F013 /* UserInfoView.swift in Sources */ = {isa = PBXBuildFile; fileRef = 7CC79E4829E08DB60083F013 /* UserInfoView.swift */; };
		7CC79E4B29E188CE0083F013 /* UserController.swift in Sources */ = {isa = PBXBuildFile; fileRef = 7CC79E4A29E188CE0083F013 /* UserController.swift */; };
		7CC79E4D29E2AB920083F013 /* PhotoScrollView.swift in Sources */ = {isa = PBXBuildFile; fileRef = 7CC79E4C29E2AB920083F013 /* PhotoScrollView.swift */; };
		7CCA2B4A2A1F7BB300023EDC /* ProfileEditVC.swift in Sources */ = {isa = PBXBuildFile; fileRef = 7CCA2B492A1F7BB300023EDC /* ProfileEditVC.swift */; };
		7CCA2B502A20D6EA00023EDC /* EditProfileTVCell.swift in Sources */ = {isa = PBXBuildFile; fileRef = 7CCA2B4F2A20D6EA00023EDC /* EditProfileTVCell.swift */; };
		7CDA5D3B29D572F8000E5633 /* CollectionsHeader.swift in Sources */ = {isa = PBXBuildFile; fileRef = 7CDA5D3A29D572F8000E5633 /* CollectionsHeader.swift */; };
/* End PBXBuildFile section */

/* Begin PBXFileReference section */
		186C25CC29D2293A00BEA395 /* BlurHash.swift */ = {isa = PBXFileReference; lastKnownFileType = sourcecode.swift; path = BlurHash.swift; sourceTree = "<group>"; };
		186C25CF29D2377400BEA395 /* Collections.swift */ = {isa = PBXFileReference; lastKnownFileType = sourcecode.swift; path = Collections.swift; sourceTree = "<group>"; };
		18A791DE298A7758007AD71E /* SearchVC.swift */ = {isa = PBXFileReference; lastKnownFileType = sourcecode.swift; path = SearchVC.swift; sourceTree = "<group>"; };
		18A791E0298A7E2A007AD71E /* Photo.swift */ = {isa = PBXFileReference; lastKnownFileType = sourcecode.swift; path = Photo.swift; sourceTree = "<group>"; };
		18A791E2298A92AA007AD71E /* NetworkController.swift */ = {isa = PBXFileReference; lastKnownFileType = sourcecode.swift; path = NetworkController.swift; sourceTree = "<group>"; };
		18A791E4298A9965007AD71E /* SearchResults.swift */ = {isa = PBXFileReference; lastKnownFileType = sourcecode.swift; path = SearchResults.swift; sourceTree = "<group>"; };
		18C5064F299D0E2800D28B1A /* ImageInfoCell.swift */ = {isa = PBXFileReference; lastKnownFileType = sourcecode.swift; path = ImageInfoCell.swift; sourceTree = "<group>"; };
		18C81CDC2989BAA6009707AB /* UnsplashPhotoSearch.app */ = {isa = PBXFileReference; explicitFileType = wrapper.application; includeInIndex = 0; path = UnsplashPhotoSearch.app; sourceTree = BUILT_PRODUCTS_DIR; };
		18C81CDF2989BAA6009707AB /* AppDelegate.swift */ = {isa = PBXFileReference; lastKnownFileType = sourcecode.swift; path = AppDelegate.swift; sourceTree = "<group>"; };
		18C81CE12989BAA6009707AB /* SceneDelegate.swift */ = {isa = PBXFileReference; lastKnownFileType = sourcecode.swift; path = SceneDelegate.swift; sourceTree = "<group>"; };
		18C81CE82989BAA8009707AB /* Assets.xcassets */ = {isa = PBXFileReference; lastKnownFileType = folder.assetcatalog; path = Assets.xcassets; sourceTree = "<group>"; };
		18C81CEB2989BAA8009707AB /* Base */ = {isa = PBXFileReference; lastKnownFileType = file.storyboard; name = Base; path = Base.lproj/LaunchScreen.storyboard; sourceTree = "<group>"; };
		18C81CED2989BAA8009707AB /* Info.plist */ = {isa = PBXFileReference; lastKnownFileType = text.plist.xml; path = Info.plist; sourceTree = "<group>"; };
		18E865EC29D5C21500F496CB /* User.swift */ = {isa = PBXFileReference; lastKnownFileType = sourcecode.swift; path = User.swift; sourceTree = "<group>"; };
		18E865F029D5C78900F496CB /* UserInfoCell.swift */ = {isa = PBXFileReference; lastKnownFileType = sourcecode.swift; path = UserInfoCell.swift; sourceTree = "<group>"; };
		18E865F429D76E7300F496CB /* PhotoVC.swift */ = {isa = PBXFileReference; lastKnownFileType = sourcecode.swift; path = PhotoVC.swift; sourceTree = "<group>"; };
		18F3DBFD29DAEE2800F0F93B /* PreviewPhoto.swift */ = {isa = PBXFileReference; lastKnownFileType = sourcecode.swift; path = PreviewPhoto.swift; sourceTree = "<group>"; };
		18F3DBFF29DAF21500F0F93B /* CollectionVC.swift */ = {isa = PBXFileReference; lastKnownFileType = sourcecode.swift; path = CollectionVC.swift; sourceTree = "<group>"; };
		18F3DC0229DB38BF00F0F93B /* DataRequestController.swift */ = {isa = PBXFileReference; lastKnownFileType = sourcecode.swift; path = DataRequestController.swift; sourceTree = "<group>"; };
		18F3DC0829DDE47900F0F93B /* PhotoView.swift */ = {isa = PBXFileReference; lastKnownFileType = sourcecode.swift; path = PhotoView.swift; sourceTree = "<group>"; };
		18F3DC0A29DDF0F700F0F93B /* LikesView.swift */ = {isa = PBXFileReference; lastKnownFileType = sourcecode.swift; path = LikesView.swift; sourceTree = "<group>"; };
		18F3DC0E29E16D4100F0F93B /* UserMediaSegmentControll.swift */ = {isa = PBXFileReference; lastKnownFileType = sourcecode.swift; path = UserMediaSegmentControll.swift; sourceTree = "<group>"; };
		7C28EE1429E8A38E00E7DD8C /* CollectionsSearchVC.swift */ = {isa = PBXFileReference; lastKnownFileType = sourcecode.swift; path = CollectionsSearchVC.swift; sourceTree = "<group>"; };
		7C28EE1629E8A51B00E7DD8C /* UsersSeachVC.swift */ = {isa = PBXFileReference; lastKnownFileType = sourcecode.swift; path = UsersSeachVC.swift; sourceTree = "<group>"; };
		7C4C5D022A212D3E00A5D996 /* UIColor+Extensions.swift */ = {isa = PBXFileReference; lastKnownFileType = sourcecode.swift; path = "UIColor+Extensions.swift"; sourceTree = "<group>"; };
		7C501AAE2A160BC400C65AE2 /* TabBarController.swift */ = {isa = PBXFileReference; lastKnownFileType = sourcecode.swift; path = TabBarController.swift; sourceTree = "<group>"; };
		7C501AB02A160F9700C65AE2 /* AuthorizationController.swift */ = {isa = PBXFileReference; lastKnownFileType = sourcecode.swift; path = AuthorizationController.swift; sourceTree = "<group>"; };
		7C501AB42A166B3D00C65AE2 /* UnsplashAPI.swift */ = {isa = PBXFileReference; lastKnownFileType = sourcecode.swift; path = UnsplashAPI.swift; sourceTree = "<group>"; };
		7C501AB62A167DC200C65AE2 /* ProfileTab.swift */ = {isa = PBXFileReference; lastKnownFileType = sourcecode.swift; path = ProfileTab.swift; sourceTree = "<group>"; };
		7C957A9229EAEE2800ACBDC0 /* BaseSearchVC.swift */ = {isa = PBXFileReference; lastKnownFileType = sourcecode.swift; path = BaseSearchVC.swift; sourceTree = "<group>"; };
		7C957A9429EC073700ACBDC0 /* UnsplashURLRequests.swift */ = {isa = PBXFileReference; lastKnownFileType = sourcecode.swift; path = UnsplashURLRequests.swift; sourceTree = "<group>"; };
		7C957A9C29EF37C400ACBDC0 /* UserMediaVC.swift */ = {isa = PBXFileReference; lastKnownFileType = sourcecode.swift; path = UserMediaVC.swift; sourceTree = "<group>"; };
		7C957A9E29EF39FA00ACBDC0 /* UserPhotosVC.swift */ = {isa = PBXFileReference; lastKnownFileType = sourcecode.swift; path = UserPhotosVC.swift; sourceTree = "<group>"; };
		7CAB612D29E7E470001891D3 /* PhotosSearchVC.swift */ = {isa = PBXFileReference; lastKnownFileType = sourcecode.swift; path = PhotosSearchVC.swift; sourceTree = "<group>"; };
		7CADB6172A191E87006EBF72 /* Token.swift */ = {isa = PBXFileReference; lastKnownFileType = sourcecode.swift; path = Token.swift; sourceTree = "<group>"; };
		7CBC825B2A21EAEB00EECF7E /* EditableUserData.swift */ = {isa = PBXFileReference; lastKnownFileType = sourcecode.swift; path = EditableUserData.swift; sourceTree = "<group>"; };
		7CBC825D2A226DE500EECF7E /* ViewController+Extension.swift */ = {isa = PBXFileReference; lastKnownFileType = sourcecode.swift; path = "ViewController+Extension.swift"; sourceTree = "<group>"; };
		7CC06E4F29EFE13900E39F69 /* UserLikesVC.swift */ = {isa = PBXFileReference; lastKnownFileType = sourcecode.swift; path = UserLikesVC.swift; sourceTree = "<group>"; };
		7CC06E5129EFE1A500E39F69 /* UserCollecitonsVC.swift */ = {isa = PBXFileReference; lastKnownFileType = sourcecode.swift; path = UserCollecitonsVC.swift; sourceTree = "<group>"; };
		7CC79E3B29DC8C550083F013 /* UserVC.swift */ = {isa = PBXFileReference; lastKnownFileType = sourcecode.swift; path = UserVC.swift; sourceTree = "<group>"; };
		7CC79E3D29DC8D500083F013 /* PhotoDetailVC.swift */ = {isa = PBXFileReference; lastKnownFileType = sourcecode.swift; path = PhotoDetailVC.swift; sourceTree = "<group>"; };
		7CC79E4029DD6A060083F013 /* UICollectionView+Extensions.swift */ = {isa = PBXFileReference; lastKnownFileType = sourcecode.swift; path = "UICollectionView+Extensions.swift"; sourceTree = "<group>"; };
		7CC79E4629E07B360083F013 /* PhotoDetailView.swift */ = {isa = PBXFileReference; lastKnownFileType = sourcecode.swift; path = PhotoDetailView.swift; sourceTree = "<group>"; };
		7CC79E4829E08DB60083F013 /* UserInfoView.swift */ = {isa = PBXFileReference; lastKnownFileType = sourcecode.swift; path = UserInfoView.swift; sourceTree = "<group>"; };
		7CC79E4A29E188CE0083F013 /* UserController.swift */ = {isa = PBXFileReference; lastKnownFileType = sourcecode.swift; path = UserController.swift; sourceTree = "<group>"; };
		7CC79E4C29E2AB920083F013 /* PhotoScrollView.swift */ = {isa = PBXFileReference; lastKnownFileType = sourcecode.swift; path = PhotoScrollView.swift; sourceTree = "<group>"; };
		7CCA2B492A1F7BB300023EDC /* ProfileEditVC.swift */ = {isa = PBXFileReference; lastKnownFileType = sourcecode.swift; path = ProfileEditVC.swift; sourceTree = "<group>"; };
		7CCA2B4F2A20D6EA00023EDC /* EditProfileTVCell.swift */ = {isa = PBXFileReference; lastKnownFileType = sourcecode.swift; path = EditProfileTVCell.swift; sourceTree = "<group>"; };
		7CDA5D3A29D572F8000E5633 /* CollectionsHeader.swift */ = {isa = PBXFileReference; lastKnownFileType = sourcecode.swift; path = CollectionsHeader.swift; sourceTree = "<group>"; };
/* End PBXFileReference section */

/* Begin PBXFrameworksBuildPhase section */
		18C81CD92989BAA6009707AB /* Frameworks */ = {
			isa = PBXFrameworksBuildPhase;
			buildActionMask = 2147483647;
			files = (
				186C25CB29CB79B400BEA395 /* Kingfisher in Frameworks */,
				7CACEB7329F1397000CB08A3 /* SnapKit in Frameworks */,
			);
			runOnlyForDeploymentPostprocessing = 0;
		};
/* End PBXFrameworksBuildPhase section */

/* Begin PBXGroup section */
		186C25CE29D22B7900BEA395 /* help */ = {
			isa = PBXGroup;
			children = (
				18C81CE12989BAA6009707AB /* SceneDelegate.swift */,
				18C81CDF2989BAA6009707AB /* AppDelegate.swift */,
				18C81CE82989BAA8009707AB /* Assets.xcassets */,
				186C25CC29D2293A00BEA395 /* BlurHash.swift */,
				18C81CEA2989BAA8009707AB /* LaunchScreen.storyboard */,
			);
			path = help;
			sourceTree = "<group>";
		};
		186C25D129D3107300BEA395 /* Models */ = {
			isa = PBXGroup;
			children = (
				18A791E0298A7E2A007AD71E /* Photo.swift */,
				18F3DBFD29DAEE2800F0F93B /* PreviewPhoto.swift */,
				18A791E4298A9965007AD71E /* SearchResults.swift */,
				186C25CF29D2377400BEA395 /* Collections.swift */,
				18E865EC29D5C21500F496CB /* User.swift */,
				7CADB6172A191E87006EBF72 /* Token.swift */,
				7CBC825B2A21EAEB00EECF7E /* EditableUserData.swift */,
			);
			path = Models;
			sourceTree = "<group>";
		};
		18C81CD32989BAA6009707AB = {
			isa = PBXGroup;
			children = (
				18C81CDE2989BAA6009707AB /* UnsplashPhotoSearch */,
				18C81CDD2989BAA6009707AB /* Products */,
			);
			sourceTree = "<group>";
		};
		18C81CDD2989BAA6009707AB /* Products */ = {
			isa = PBXGroup;
			children = (
				18C81CDC2989BAA6009707AB /* UnsplashPhotoSearch.app */,
			);
			name = Products;
			sourceTree = "<group>";
		};
		18C81CDE2989BAA6009707AB /* UnsplashPhotoSearch */ = {
			isa = PBXGroup;
			children = (
				7CC79E4029DD6A060083F013 /* UICollectionView+Extensions.swift */,
				7C4C5D022A212D3E00A5D996 /* UIColor+Extensions.swift */,
				7CBC825D2A226DE500EECF7E /* ViewController+Extension.swift */,
				7C501AAE2A160BC400C65AE2 /* TabBarController.swift */,
				7CCA2B512A20D71700023EDC /* ProfileTab */,
				7CDA5D3C29D57F2E000E5633 /* Cells */,
				186C25D129D3107300BEA395 /* Models */,
				7C66AD9F29EAB16D00B1C7A6 /* SearchViewControllers */,
				7C66ADA029EAB19400B1C7A6 /* Contollers */,
				7CAB612F29E84D1A001891D3 /* ViewContollers */,
				18F3DC0129DAF29300F0F93B /* RequestModels */,
				186C25CE29D22B7900BEA395 /* help */,
				18C81CED2989BAA8009707AB /* Info.plist */,
			);
			path = UnsplashPhotoSearch;
			sourceTree = "<group>";
		};
		18F3DC0129DAF29300F0F93B /* RequestModels */ = {
			isa = PBXGroup;
			children = (
				18A791E2298A92AA007AD71E /* NetworkController.swift */,
				7C957A9429EC073700ACBDC0 /* UnsplashURLRequests.swift */,
				7C501AB42A166B3D00C65AE2 /* UnsplashAPI.swift */,
			);
			path = RequestModels;
			sourceTree = "<group>";
		};
		7C45F16329FC25340071E4A5 /* PhotoVC */ = {
			isa = PBXGroup;
			children = (
				18E865F429D76E7300F496CB /* PhotoVC.swift */,
				7CC79E3D29DC8D500083F013 /* PhotoDetailVC.swift */,
				7C45F16529FC25D50071E4A5 /* Views */,
			);
			path = PhotoVC;
			sourceTree = "<group>";
		};
		7C45F16429FC25820071E4A5 /* Views */ = {
			isa = PBXGroup;
			children = (
				18F3DC0E29E16D4100F0F93B /* UserMediaSegmentControll.swift */,
				7CC79E4829E08DB60083F013 /* UserInfoView.swift */,
			);
			path = Views;
			sourceTree = "<group>";
		};
		7C45F16529FC25D50071E4A5 /* Views */ = {
			isa = PBXGroup;
			children = (
				18F3DC0829DDE47900F0F93B /* PhotoView.swift */,
				7CC79E4C29E2AB920083F013 /* PhotoScrollView.swift */,
				18F3DC0A29DDF0F700F0F93B /* LikesView.swift */,
				7CC79E4629E07B360083F013 /* PhotoDetailView.swift */,
			);
			path = Views;
			sourceTree = "<group>";
		};
		7C66AD9F29EAB16D00B1C7A6 /* SearchViewControllers */ = {
			isa = PBXGroup;
			children = (
				18A791DE298A7758007AD71E /* SearchVC.swift */,
				7CAB612D29E7E470001891D3 /* PhotosSearchVC.swift */,
				7C28EE1429E8A38E00E7DD8C /* CollectionsSearchVC.swift */,
				7C28EE1629E8A51B00E7DD8C /* UsersSeachVC.swift */,
				7C957A9229EAEE2800ACBDC0 /* BaseSearchVC.swift */,
			);
			path = SearchViewControllers;
			sourceTree = "<group>";
		};
		7C66ADA029EAB19400B1C7A6 /* Contollers */ = {
			isa = PBXGroup;
			children = (
				18F3DC0229DB38BF00F0F93B /* DataRequestController.swift */,
				7CC79E4A29E188CE0083F013 /* UserController.swift */,
			);
			path = Contollers;
			sourceTree = "<group>";
		};
		7CAB612F29E84D1A001891D3 /* ViewContollers */ = {
			isa = PBXGroup;
			children = (
				7CC06E5429EFFA3C00E39F69 /* PhotoViewControllers */,
				7CC06E5329EFE91400E39F69 /* UserViewControllers */,
			);
			path = ViewContollers;
			sourceTree = "<group>";
		};
		7CC06E5329EFE91400E39F69 /* UserViewControllers */ = {
			isa = PBXGroup;
			children = (
				7C45F16429FC25820071E4A5 /* Views */,
				7CC79E3B29DC8C550083F013 /* UserVC.swift */,
				7CC06E5129EFE1A500E39F69 /* UserCollecitonsVC.swift */,
				7C957A9E29EF39FA00ACBDC0 /* UserPhotosVC.swift */,
				7CC06E4F29EFE13900E39F69 /* UserLikesVC.swift */,
				7C957A9C29EF37C400ACBDC0 /* UserMediaVC.swift */,
			);
			path = UserViewControllers;
			sourceTree = "<group>";
		};
		7CC06E5429EFFA3C00E39F69 /* PhotoViewControllers */ = {
			isa = PBXGroup;
			children = (
				18F3DBFF29DAF21500F0F93B /* CollectionVC.swift */,
				7C45F16329FC25340071E4A5 /* PhotoVC */,
			);
			path = PhotoViewControllers;
			sourceTree = "<group>";
		};
		7CCA2B512A20D71700023EDC /* ProfileTab */ = {
			isa = PBXGroup;
			children = (
				7C501AB62A167DC200C65AE2 /* ProfileTab.swift */,
				7CCA2B522A20D73500023EDC /* Controller */,
				7CCA2B492A1F7BB300023EDC /* ProfileEditVC.swift */,
				7CCA2B4F2A20D6EA00023EDC /* EditProfileTVCell.swift */,
			);
			path = ProfileTab;
			sourceTree = "<group>";
		};
		7CCA2B522A20D73500023EDC /* Controller */ = {
			isa = PBXGroup;
			children = (
				7C501AB02A160F9700C65AE2 /* AuthorizationController.swift */,
			);
			path = Controller;
			sourceTree = "<group>";
		};
		7CDA5D3C29D57F2E000E5633 /* Cells */ = {
			isa = PBXGroup;
			children = (
				7CDA5D3A29D572F8000E5633 /* CollectionsHeader.swift */,
				18C5064F299D0E2800D28B1A /* ImageInfoCell.swift */,
				18E865F029D5C78900F496CB /* UserInfoCell.swift */,
			);
			path = Cells;
			sourceTree = "<group>";
		};
/* End PBXGroup section */

/* Begin PBXNativeTarget section */
		18C81CDB2989BAA6009707AB /* UnsplashPhotoSearch */ = {
			isa = PBXNativeTarget;
			buildConfigurationList = 18C81CF02989BAA8009707AB /* Build configuration list for PBXNativeTarget "UnsplashPhotoSearch" */;
			buildPhases = (
				18C81CD82989BAA6009707AB /* Sources */,
				18C81CD92989BAA6009707AB /* Frameworks */,
				18C81CDA2989BAA6009707AB /* Resources */,
			);
			buildRules = (
			);
			dependencies = (
			);
			name = UnsplashPhotoSearch;
			packageProductDependencies = (
				186C25CA29CB79B400BEA395 /* Kingfisher */,
				7CACEB7229F1397000CB08A3 /* SnapKit */,
			);
			productName = UnsplashPhotoSearch;
			productReference = 18C81CDC2989BAA6009707AB /* UnsplashPhotoSearch.app */;
			productType = "com.apple.product-type.application";
		};
/* End PBXNativeTarget section */

/* Begin PBXProject section */
		18C81CD42989BAA6009707AB /* Project object */ = {
			isa = PBXProject;
			attributes = {
				BuildIndependentTargetsInParallel = 1;
				LastSwiftUpdateCheck = 1420;
				LastUpgradeCheck = 1420;
				TargetAttributes = {
					18C81CDB2989BAA6009707AB = {
						CreatedOnToolsVersion = 14.2;
					};
				};
			};
			buildConfigurationList = 18C81CD72989BAA6009707AB /* Build configuration list for PBXProject "UnsplashPhotoSearch" */;
			compatibilityVersion = "Xcode 14.0";
			developmentRegion = en;
			hasScannedForEncodings = 0;
			knownRegions = (
				en,
				Base,
			);
			mainGroup = 18C81CD32989BAA6009707AB;
			packageReferences = (
				186C25C929CB79B400BEA395 /* XCRemoteSwiftPackageReference "Kingfisher" */,
				7CACEB7129F1397000CB08A3 /* XCRemoteSwiftPackageReference "SnapKit" */,
			);
			productRefGroup = 18C81CDD2989BAA6009707AB /* Products */;
			projectDirPath = "";
			projectRoot = "";
			targets = (
				18C81CDB2989BAA6009707AB /* UnsplashPhotoSearch */,
			);
		};
/* End PBXProject section */

/* Begin PBXResourcesBuildPhase section */
		18C81CDA2989BAA6009707AB /* Resources */ = {
			isa = PBXResourcesBuildPhase;
			buildActionMask = 2147483647;
			files = (
				18C81CEC2989BAA8009707AB /* LaunchScreen.storyboard in Resources */,
				18C81CE92989BAA8009707AB /* Assets.xcassets in Resources */,
			);
			runOnlyForDeploymentPostprocessing = 0;
		};
/* End PBXResourcesBuildPhase section */

/* Begin PBXSourcesBuildPhase section */
		18C81CD82989BAA6009707AB /* Sources */ = {
			isa = PBXSourcesBuildPhase;
			buildActionMask = 2147483647;
			files = (
				7C957A9D29EF37C400ACBDC0 /* UserMediaVC.swift in Sources */,
				18A791E5298A9965007AD71E /* SearchResults.swift in Sources */,
				7CCA2B4A2A1F7BB300023EDC /* ProfileEditVC.swift in Sources */,
				7CCA2B502A20D6EA00023EDC /* EditProfileTVCell.swift in Sources */,
				7CC06E5229EFE1A500E39F69 /* UserCollecitonsVC.swift in Sources */,
				18A791E1298A7E2A007AD71E /* Photo.swift in Sources */,
				18F3DC0029DAF21500F0F93B /* CollectionVC.swift in Sources */,
				7CDA5D3B29D572F8000E5633 /* CollectionsHeader.swift in Sources */,
				7C501AB72A167DC200C65AE2 /* ProfileTab.swift in Sources */,
				7CC79E4929E08DB60083F013 /* UserInfoView.swift in Sources */,
				7CC06E5029EFE13900E39F69 /* UserLikesVC.swift in Sources */,
				186C25CD29D2293A00BEA395 /* BlurHash.swift in Sources */,
				7C957A9F29EF39FA00ACBDC0 /* UserPhotosVC.swift in Sources */,
				7C28EE1529E8A38E00E7DD8C /* CollectionsSearchVC.swift in Sources */,
				18A791DF298A7758007AD71E /* SearchVC.swift in Sources */,
				7C4C5D032A212D3E00A5D996 /* UIColor+Extensions.swift in Sources */,
				7CC79E4729E07B360083F013 /* PhotoDetailView.swift in Sources */,
				7CC79E4D29E2AB920083F013 /* PhotoScrollView.swift in Sources */,
				18E865F529D76E7300F496CB /* PhotoVC.swift in Sources */,
				7CC79E4B29E188CE0083F013 /* UserController.swift in Sources */,
				7C957A9329EAEE2800ACBDC0 /* BaseSearchVC.swift in Sources */,
				18F3DBFE29DAEE2800F0F93B /* PreviewPhoto.swift in Sources */,
				18F3DC0B29DDF0F700F0F93B /* LikesView.swift in Sources */,
				7CBC825E2A226DE500EECF7E /* ViewController+Extension.swift in Sources */,
				7C501AB12A160F9700C65AE2 /* AuthorizationController.swift in Sources */,
				7CBC825C2A21EAEB00EECF7E /* EditableUserData.swift in Sources */,
				186C25D029D2377400BEA395 /* Collections.swift in Sources */,
				18F3DC0329DB38BF00F0F93B /* DataRequestController.swift in Sources */,
				7C501AAF2A160BC400C65AE2 /* TabBarController.swift in Sources */,
				18E865F129D5C78900F496CB /* UserInfoCell.swift in Sources */,
				18C81CE02989BAA6009707AB /* AppDelegate.swift in Sources */,
				7CC79E4129DD6A060083F013 /* UICollectionView+Extensions.swift in Sources */,
				18E865ED29D5C21500F496CB /* User.swift in Sources */,
				18F3DC0F29E16D4100F0F93B /* UserMediaSegmentControll.swift in Sources */,
				18C50650299D0E2800D28B1A /* ImageInfoCell.swift in Sources */,
				7C28EE1729E8A51B00E7DD8C /* UsersSeachVC.swift in Sources */,
				7CADB6182A191E87006EBF72 /* Token.swift in Sources */,
				7CC79E3E29DC8D500083F013 /* PhotoDetailVC.swift in Sources */,
				18A791E3298A92AA007AD71E /* NetworkController.swift in Sources */,
				7C957A9529EC073700ACBDC0 /* UnsplashURLRequests.swift in Sources */,
				7C501AB52A166B3D00C65AE2 /* UnsplashAPI.swift in Sources */,
				7CAB612E29E7E470001891D3 /* PhotosSearchVC.swift in Sources */,
				18C81CE22989BAA6009707AB /* SceneDelegate.swift in Sources */,
				18F3DC0929DDE47900F0F93B /* PhotoView.swift in Sources */,
				7CC79E3C29DC8C550083F013 /* UserVC.swift in Sources */,
			);
			runOnlyForDeploymentPostprocessing = 0;
		};
/* End PBXSourcesBuildPhase section */

/* Begin PBXVariantGroup section */
		18C81CEA2989BAA8009707AB /* LaunchScreen.storyboard */ = {
			isa = PBXVariantGroup;
			children = (
				18C81CEB2989BAA8009707AB /* Base */,
			);
			name = LaunchScreen.storyboard;
			sourceTree = "<group>";
		};
/* End PBXVariantGroup section */

/* Begin XCBuildConfiguration section */
		18C81CEE2989BAA8009707AB /* Debug */ = {
			isa = XCBuildConfiguration;
			buildSettings = {
				ALWAYS_SEARCH_USER_PATHS = NO;
				CLANG_ANALYZER_NONNULL = YES;
				CLANG_ANALYZER_NUMBER_OBJECT_CONVERSION = YES_AGGRESSIVE;
				CLANG_CXX_LANGUAGE_STANDARD = "gnu++20";
				CLANG_ENABLE_MODULES = YES;
				CLANG_ENABLE_OBJC_ARC = YES;
				CLANG_ENABLE_OBJC_WEAK = YES;
				CLANG_WARN_BLOCK_CAPTURE_AUTORELEASING = YES;
				CLANG_WARN_BOOL_CONVERSION = YES;
				CLANG_WARN_COMMA = YES;
				CLANG_WARN_CONSTANT_CONVERSION = YES;
				CLANG_WARN_DEPRECATED_OBJC_IMPLEMENTATIONS = YES;
				CLANG_WARN_DIRECT_OBJC_ISA_USAGE = YES_ERROR;
				CLANG_WARN_DOCUMENTATION_COMMENTS = YES;
				CLANG_WARN_EMPTY_BODY = YES;
				CLANG_WARN_ENUM_CONVERSION = YES;
				CLANG_WARN_INFINITE_RECURSION = YES;
				CLANG_WARN_INT_CONVERSION = YES;
				CLANG_WARN_NON_LITERAL_NULL_CONVERSION = YES;
				CLANG_WARN_OBJC_IMPLICIT_RETAIN_SELF = YES;
				CLANG_WARN_OBJC_LITERAL_CONVERSION = YES;
				CLANG_WARN_OBJC_ROOT_CLASS = YES_ERROR;
				CLANG_WARN_QUOTED_INCLUDE_IN_FRAMEWORK_HEADER = YES;
				CLANG_WARN_RANGE_LOOP_ANALYSIS = YES;
				CLANG_WARN_STRICT_PROTOTYPES = YES;
				CLANG_WARN_SUSPICIOUS_MOVE = YES;
				CLANG_WARN_UNGUARDED_AVAILABILITY = YES_AGGRESSIVE;
				CLANG_WARN_UNREACHABLE_CODE = YES;
				CLANG_WARN__DUPLICATE_METHOD_MATCH = YES;
				COPY_PHASE_STRIP = NO;
				DEBUG_INFORMATION_FORMAT = dwarf;
				ENABLE_STRICT_OBJC_MSGSEND = YES;
				ENABLE_TESTABILITY = YES;
				GCC_C_LANGUAGE_STANDARD = gnu11;
				GCC_DYNAMIC_NO_PIC = NO;
				GCC_NO_COMMON_BLOCKS = YES;
				GCC_OPTIMIZATION_LEVEL = 0;
				GCC_PREPROCESSOR_DEFINITIONS = (
					"DEBUG=1",
					"$(inherited)",
				);
				GCC_WARN_64_TO_32_BIT_CONVERSION = YES;
				GCC_WARN_ABOUT_RETURN_TYPE = YES_ERROR;
				GCC_WARN_UNDECLARED_SELECTOR = YES;
				GCC_WARN_UNINITIALIZED_AUTOS = YES_AGGRESSIVE;
				GCC_WARN_UNUSED_FUNCTION = YES;
				GCC_WARN_UNUSED_VARIABLE = YES;
				IPHONEOS_DEPLOYMENT_TARGET = 16.2;
				MTL_ENABLE_DEBUG_INFO = INCLUDE_SOURCE;
				MTL_FAST_MATH = YES;
				ONLY_ACTIVE_ARCH = YES;
				SDKROOT = iphoneos;
				SWIFT_ACTIVE_COMPILATION_CONDITIONS = DEBUG;
				SWIFT_OPTIMIZATION_LEVEL = "-Onone";
			};
			name = Debug;
		};
		18C81CEF2989BAA8009707AB /* Release */ = {
			isa = XCBuildConfiguration;
			buildSettings = {
				ALWAYS_SEARCH_USER_PATHS = NO;
				CLANG_ANALYZER_NONNULL = YES;
				CLANG_ANALYZER_NUMBER_OBJECT_CONVERSION = YES_AGGRESSIVE;
				CLANG_CXX_LANGUAGE_STANDARD = "gnu++20";
				CLANG_ENABLE_MODULES = YES;
				CLANG_ENABLE_OBJC_ARC = YES;
				CLANG_ENABLE_OBJC_WEAK = YES;
				CLANG_WARN_BLOCK_CAPTURE_AUTORELEASING = YES;
				CLANG_WARN_BOOL_CONVERSION = YES;
				CLANG_WARN_COMMA = YES;
				CLANG_WARN_CONSTANT_CONVERSION = YES;
				CLANG_WARN_DEPRECATED_OBJC_IMPLEMENTATIONS = YES;
				CLANG_WARN_DIRECT_OBJC_ISA_USAGE = YES_ERROR;
				CLANG_WARN_DOCUMENTATION_COMMENTS = YES;
				CLANG_WARN_EMPTY_BODY = YES;
				CLANG_WARN_ENUM_CONVERSION = YES;
				CLANG_WARN_INFINITE_RECURSION = YES;
				CLANG_WARN_INT_CONVERSION = YES;
				CLANG_WARN_NON_LITERAL_NULL_CONVERSION = YES;
				CLANG_WARN_OBJC_IMPLICIT_RETAIN_SELF = YES;
				CLANG_WARN_OBJC_LITERAL_CONVERSION = YES;
				CLANG_WARN_OBJC_ROOT_CLASS = YES_ERROR;
				CLANG_WARN_QUOTED_INCLUDE_IN_FRAMEWORK_HEADER = YES;
				CLANG_WARN_RANGE_LOOP_ANALYSIS = YES;
				CLANG_WARN_STRICT_PROTOTYPES = YES;
				CLANG_WARN_SUSPICIOUS_MOVE = YES;
				CLANG_WARN_UNGUARDED_AVAILABILITY = YES_AGGRESSIVE;
				CLANG_WARN_UNREACHABLE_CODE = YES;
				CLANG_WARN__DUPLICATE_METHOD_MATCH = YES;
				COPY_PHASE_STRIP = NO;
				DEBUG_INFORMATION_FORMAT = "dwarf-with-dsym";
				ENABLE_NS_ASSERTIONS = NO;
				ENABLE_STRICT_OBJC_MSGSEND = YES;
				GCC_C_LANGUAGE_STANDARD = gnu11;
				GCC_NO_COMMON_BLOCKS = YES;
				GCC_WARN_64_TO_32_BIT_CONVERSION = YES;
				GCC_WARN_ABOUT_RETURN_TYPE = YES_ERROR;
				GCC_WARN_UNDECLARED_SELECTOR = YES;
				GCC_WARN_UNINITIALIZED_AUTOS = YES_AGGRESSIVE;
				GCC_WARN_UNUSED_FUNCTION = YES;
				GCC_WARN_UNUSED_VARIABLE = YES;
				IPHONEOS_DEPLOYMENT_TARGET = 16.2;
				MTL_ENABLE_DEBUG_INFO = NO;
				MTL_FAST_MATH = YES;
				SDKROOT = iphoneos;
				SWIFT_COMPILATION_MODE = wholemodule;
				SWIFT_OPTIMIZATION_LEVEL = "-O";
				VALIDATE_PRODUCT = YES;
			};
			name = Release;
		};
		18C81CF12989BAA8009707AB /* Debug */ = {
			isa = XCBuildConfiguration;
			buildSettings = {
				ASSETCATALOG_COMPILER_APPICON_NAME = AppIcon;
				ASSETCATALOG_COMPILER_GLOBAL_ACCENT_COLOR_NAME = AccentColor;
				CODE_SIGN_STYLE = Automatic;
				CURRENT_PROJECT_VERSION = 1;
				DEVELOPMENT_TEAM = M439QAGBDK;
				GENERATE_INFOPLIST_FILE = YES;
				INFOPLIST_FILE = UnsplashPhotoSearch/Info.plist;
				INFOPLIST_KEY_UIApplicationSupportsIndirectInputEvents = YES;
				INFOPLIST_KEY_UILaunchStoryboardName = LaunchScreen;
				INFOPLIST_KEY_UIMainStoryboardFile = "";
				INFOPLIST_KEY_UISupportedInterfaceOrientations_iPad = "UIInterfaceOrientationPortrait UIInterfaceOrientationPortraitUpsideDown UIInterfaceOrientationLandscapeLeft UIInterfaceOrientationLandscapeRight";
				INFOPLIST_KEY_UISupportedInterfaceOrientations_iPhone = "UIInterfaceOrientationPortrait UIInterfaceOrientationLandscapeLeft UIInterfaceOrientationLandscapeRight";
				LD_RUNPATH_SEARCH_PATHS = (
					"$(inherited)",
					"@executable_path/Frameworks",
				);
				MARKETING_VERSION = 1.0;
				PRODUCT_BUNDLE_IDENTIFIER = eroha.UnsplashPhotoSearch;
				PRODUCT_NAME = "$(TARGET_NAME)";
				SWIFT_EMIT_LOC_STRINGS = YES;
				SWIFT_VERSION = 5.0;
				TARGETED_DEVICE_FAMILY = "1,2";
			};
			name = Debug;
		};
		18C81CF22989BAA8009707AB /* Release */ = {
			isa = XCBuildConfiguration;
			buildSettings = {
				ASSETCATALOG_COMPILER_APPICON_NAME = AppIcon;
				ASSETCATALOG_COMPILER_GLOBAL_ACCENT_COLOR_NAME = AccentColor;
				CODE_SIGN_STYLE = Automatic;
				CURRENT_PROJECT_VERSION = 1;
				DEVELOPMENT_TEAM = M439QAGBDK;
				GENERATE_INFOPLIST_FILE = YES;
				INFOPLIST_FILE = UnsplashPhotoSearch/Info.plist;
				INFOPLIST_KEY_UIApplicationSupportsIndirectInputEvents = YES;
				INFOPLIST_KEY_UILaunchStoryboardName = LaunchScreen;
				INFOPLIST_KEY_UIMainStoryboardFile = "";
				INFOPLIST_KEY_UISupportedInterfaceOrientations_iPad = "UIInterfaceOrientationPortrait UIInterfaceOrientationPortraitUpsideDown UIInterfaceOrientationLandscapeLeft UIInterfaceOrientationLandscapeRight";
				INFOPLIST_KEY_UISupportedInterfaceOrientations_iPhone = "UIInterfaceOrientationPortrait UIInterfaceOrientationLandscapeLeft UIInterfaceOrientationLandscapeRight";
				LD_RUNPATH_SEARCH_PATHS = (
					"$(inherited)",
					"@executable_path/Frameworks",
				);
				MARKETING_VERSION = 1.0;
				PRODUCT_BUNDLE_IDENTIFIER = eroha.UnsplashPhotoSearch;
				PRODUCT_NAME = "$(TARGET_NAME)";
				SWIFT_EMIT_LOC_STRINGS = YES;
				SWIFT_VERSION = 5.0;
				TARGETED_DEVICE_FAMILY = "1,2";
			};
			name = Release;
		};
/* End XCBuildConfiguration section */

/* Begin XCConfigurationList section */
		18C81CD72989BAA6009707AB /* Build configuration list for PBXProject "UnsplashPhotoSearch" */ = {
			isa = XCConfigurationList;
			buildConfigurations = (
				18C81CEE2989BAA8009707AB /* Debug */,
				18C81CEF2989BAA8009707AB /* Release */,
			);
			defaultConfigurationIsVisible = 0;
			defaultConfigurationName = Release;
		};
		18C81CF02989BAA8009707AB /* Build configuration list for PBXNativeTarget "UnsplashPhotoSearch" */ = {
			isa = XCConfigurationList;
			buildConfigurations = (
				18C81CF12989BAA8009707AB /* Debug */,
				18C81CF22989BAA8009707AB /* Release */,
			);
			defaultConfigurationIsVisible = 0;
			defaultConfigurationName = Release;
		};
/* End XCConfigurationList section */

/* Begin XCRemoteSwiftPackageReference section */
		186C25C929CB79B400BEA395 /* XCRemoteSwiftPackageReference "Kingfisher" */ = {
			isa = XCRemoteSwiftPackageReference;
			repositoryURL = "https://github.com/onevcat/Kingfisher.git";
			requirement = {
				kind = upToNextMajorVersion;
				minimumVersion = 7.0.0;
			};
		};
		7CACEB7129F1397000CB08A3 /* XCRemoteSwiftPackageReference "SnapKit" */ = {
			isa = XCRemoteSwiftPackageReference;
			repositoryURL = "https://github.com/SnapKit/SnapKit.git";
			requirement = {
				kind = upToNextMajorVersion;
				minimumVersion = 5.0.0;
			};
		};
/* End XCRemoteSwiftPackageReference section */

/* Begin XCSwiftPackageProductDependency section */
		186C25CA29CB79B400BEA395 /* Kingfisher */ = {
			isa = XCSwiftPackageProductDependency;
			package = 186C25C929CB79B400BEA395 /* XCRemoteSwiftPackageReference "Kingfisher" */;
			productName = Kingfisher;
		};
		7CACEB7229F1397000CB08A3 /* SnapKit */ = {
			isa = XCSwiftPackageProductDependency;
			package = 7CACEB7129F1397000CB08A3 /* XCRemoteSwiftPackageReference "SnapKit" */;
			productName = SnapKit;
		};
/* End XCSwiftPackageProductDependency section */
	};
	rootObject = 18C81CD42989BAA6009707AB /* Project object */;
}
